
Microsoft Visual Studio Solution File, Format Version 12.00
# Visual Studio Version 16
VisualStudioVersion = 16.0.29509.3
MinimumVisualStudioVersion = 10.0.40219.1
Project("{2150E333-8FDC-42A3-9474-1A3956D46DE8}") = "colortour.api", "colortour.api", "{02DEC492-BDE4-4BA0-8B50-B08B610D504B}"
EndProject
Project("{2150E333-8FDC-42A3-9474-1A3956D46DE8}") = "colortour.domain", "colortour.domain", "{B78E52BD-9175-4785-9668-3443A8A01B7D}"
EndProject
Project("{2150E333-8FDC-42A3-9474-1A3956D46DE8}") = "colortour.infrastructure.IoC", "colortour.infrastructure.IoC", "{81AB3943-95BB-4BFD-9452-2E7AFC25445E}"
EndProject
Project("{2150E333-8FDC-42A3-9474-1A3956D46DE8}") = "colortour.Infrastructure.data", "colortour.Infrastructure.data", "{7BF25CEC-C211-4A40-9921-D8BCCE4DC262}"
EndProject
Global
	GlobalSection(SolutionProperties) = preSolution
		HideSolutionNode = FALSE
	EndGlobalSection
	GlobalSection(ExtensibilityGlobals) = postSolution
		SolutionGuid = {AA5E2F67-8D42-4E0F-A006-EBD979D4ABF1}
	EndGlobalSection
EndGlobal
